// !$*UTF8*$!
{
	archiveVersion = 1;
	classes = {
	};
	objectVersion = 50;
	objects = {

/* Begin PBXBuildFile section */
		300A95E12187091500D509AB /* Localizable.strings in Resources */ = {isa = PBXBuildFile; fileRef = 300A95E32187091500D509AB /* Localizable.strings */; };
		300A95E82187174E00D509AB /* ChatsViewController.swift in Sources */ = {isa = PBXBuildFile; fileRef = 300A95E62187174E00D509AB /* ChatsViewController.swift */; };
		300A95E92187174E00D509AB /* ChatsViewController.xib in Resources */ = {isa = PBXBuildFile; fileRef = 300A95E72187174E00D509AB /* ChatsViewController.xib */; };
		300A95ED2187176D00D509AB /* ContactsViewController.swift in Sources */ = {isa = PBXBuildFile; fileRef = 300A95EB2187176D00D509AB /* ContactsViewController.swift */; };
		300A95EE2187176D00D509AB /* ContactsViewController.xib in Resources */ = {isa = PBXBuildFile; fileRef = 300A95EC2187176D00D509AB /* ContactsViewController.xib */; };
		300A95F22187178E00D509AB /* SettingsViewController.swift in Sources */ = {isa = PBXBuildFile; fileRef = 300A95F02187178E00D509AB /* SettingsViewController.swift */; };
		300A95F32187178E00D509AB /* SettingsViewController.xib in Resources */ = {isa = PBXBuildFile; fileRef = 300A95F12187178E00D509AB /* SettingsViewController.xib */; };
		300A95F7218717A800D509AB /* FavoritesViewController.swift in Sources */ = {isa = PBXBuildFile; fileRef = 300A95F5218717A800D509AB /* FavoritesViewController.swift */; };
		300A95F8218717A800D509AB /* FavoritesViewController.xib in Resources */ = {isa = PBXBuildFile; fileRef = 300A95F6218717A800D509AB /* FavoritesViewController.xib */; };
		300A95FB218723B500D509AB /* SpicyRice-Regular.ttf in Resources */ = {isa = PBXBuildFile; fileRef = 300A95FA218723B500D509AB /* SpicyRice-Regular.ttf */; };
		30E67C6D216B4D6600837EA1 /* ActorsViewController.swift in Sources */ = {isa = PBXBuildFile; fileRef = 30E67C6B216B4D6600837EA1 /* ActorsViewController.swift */; };
		30E67C6E216B4D6600837EA1 /* ActorsViewController.xib in Resources */ = {isa = PBXBuildFile; fileRef = 30E67C6C216B4D6600837EA1 /* ActorsViewController.xib */; };
		30E67C71216B4D8100837EA1 /* ActorCell.swift in Sources */ = {isa = PBXBuildFile; fileRef = 30E67C6F216B4D8100837EA1 /* ActorCell.swift */; };
		30E67C72216B4D8100837EA1 /* ActorCell.xib in Resources */ = {isa = PBXBuildFile; fileRef = 30E67C70216B4D8100837EA1 /* ActorCell.xib */; };
		30E67C76216B5AF900837EA1 /* Actor.swift in Sources */ = {isa = PBXBuildFile; fileRef = 30E67C75216B5AF900837EA1 /* Actor.swift */; };
		30E67C7A216B676400837EA1 /* EmptyStatusCell.swift in Sources */ = {isa = PBXBuildFile; fileRef = 30E67C78216B676400837EA1 /* EmptyStatusCell.swift */; };
		30E67C7B216B676400837EA1 /* EmptyStatusCell.xib in Resources */ = {isa = PBXBuildFile; fileRef = 30E67C79216B676400837EA1 /* EmptyStatusCell.xib */; };
		91F13BE2B4BEABB658F035F5 /* Pods_Series.framework in Frameworks */ = {isa = PBXBuildFile; fileRef = 9981E6EDDD213FFB1D7C5CCE /* Pods_Series.framework */; };
		BD1BA8612162087C00A10698 /* AppDelegate.swift in Sources */ = {isa = PBXBuildFile; fileRef = BD1BA8602162087C00A10698 /* AppDelegate.swift */; };
		BD1BA8682162087D00A10698 /* Assets.xcassets in Resources */ = {isa = PBXBuildFile; fileRef = BD1BA8672162087D00A10698 /* Assets.xcassets */; };
		BD1BA86B2162087D00A10698 /* LaunchScreen.storyboard in Resources */ = {isa = PBXBuildFile; fileRef = BD1BA8692162087D00A10698 /* LaunchScreen.storyboard */; };
		BD1BA87721620A6700A10698 /* LoginViewController.swift in Sources */ = {isa = PBXBuildFile; fileRef = BD1BA87521620A6700A10698 /* LoginViewController.swift */; };
		BD1BA87821620A6700A10698 /* LoginViewController.xib in Resources */ = {isa = PBXBuildFile; fileRef = BD1BA87621620A6700A10698 /* LoginViewController.xib */; };
		BD1BA87C21621C2800A10698 /* SeriesViewController.swift in Sources */ = {isa = PBXBuildFile; fileRef = BD1BA87A21621C2800A10698 /* SeriesViewController.swift */; };
		BD1BA87D21621C2800A10698 /* SeriesViewController.xib in Resources */ = {isa = PBXBuildFile; fileRef = BD1BA87B21621C2800A10698 /* SeriesViewController.xib */; };
		BD1BA880216225BF00A10698 /* Serie.swift in Sources */ = {isa = PBXBuildFile; fileRef = BD1BA87F216225BF00A10698 /* Serie.swift */; };
/* End PBXBuildFile section */

/* Begin PBXFileReference section */
		16A97E7F83707A92BDBB33BE /* Pods-Series.release.xcconfig */ = {isa = PBXFileReference; includeInIndex = 1; lastKnownFileType = text.xcconfig; name = "Pods-Series.release.xcconfig"; path = "Pods/Target Support Files/Pods-Series/Pods-Series.release.xcconfig"; sourceTree = "<group>"; };
		300A95E22187091500D509AB /* en */ = {isa = PBXFileReference; lastKnownFileType = text.plist.strings; name = en; path = en.lproj/Localizable.strings; sourceTree = "<group>"; };
		300A95E42187093200D509AB /* es */ = {isa = PBXFileReference; lastKnownFileType = text.plist.strings; name = es; path = es.lproj/Localizable.strings; sourceTree = "<group>"; };
		300A95E62187174E00D509AB /* ChatsViewController.swift */ = {isa = PBXFileReference; lastKnownFileType = sourcecode.swift; path = ChatsViewController.swift; sourceTree = "<group>"; };
		300A95E72187174E00D509AB /* ChatsViewController.xib */ = {isa = PBXFileReference; lastKnownFileType = file.xib; path = ChatsViewController.xib; sourceTree = "<group>"; };
		300A95EB2187176D00D509AB /* ContactsViewController.swift */ = {isa = PBXFileReference; lastKnownFileType = sourcecode.swift; path = ContactsViewController.swift; sourceTree = "<group>"; };
		300A95EC2187176D00D509AB /* ContactsViewController.xib */ = {isa = PBXFileReference; lastKnownFileType = file.xib; path = ContactsViewController.xib; sourceTree = "<group>"; };
		300A95F02187178E00D509AB /* SettingsViewController.swift */ = {isa = PBXFileReference; lastKnownFileType = sourcecode.swift; path = SettingsViewController.swift; sourceTree = "<group>"; };
		300A95F12187178E00D509AB /* SettingsViewController.xib */ = {isa = PBXFileReference; lastKnownFileType = file.xib; path = SettingsViewController.xib; sourceTree = "<group>"; };
		300A95F5218717A800D509AB /* FavoritesViewController.swift */ = {isa = PBXFileReference; lastKnownFileType = sourcecode.swift; path = FavoritesViewController.swift; sourceTree = "<group>"; };
		300A95F6218717A800D509AB /* FavoritesViewController.xib */ = {isa = PBXFileReference; lastKnownFileType = file.xib; path = FavoritesViewController.xib; sourceTree = "<group>"; };
		300A95FA218723B500D509AB /* SpicyRice-Regular.ttf */ = {isa = PBXFileReference; lastKnownFileType = file; path = "SpicyRice-Regular.ttf"; sourceTree = "<group>"; };
		30E67C6B216B4D6600837EA1 /* ActorsViewController.swift */ = {isa = PBXFileReference; lastKnownFileType = sourcecode.swift; path = ActorsViewController.swift; sourceTree = "<group>"; };
		30E67C6C216B4D6600837EA1 /* ActorsViewController.xib */ = {isa = PBXFileReference; lastKnownFileType = file.xib; path = ActorsViewController.xib; sourceTree = "<group>"; };
		30E67C6F216B4D8100837EA1 /* ActorCell.swift */ = {isa = PBXFileReference; lastKnownFileType = sourcecode.swift; path = ActorCell.swift; sourceTree = "<group>"; };
		30E67C70216B4D8100837EA1 /* ActorCell.xib */ = {isa = PBXFileReference; lastKnownFileType = file.xib; path = ActorCell.xib; sourceTree = "<group>"; };
		30E67C75216B5AF900837EA1 /* Actor.swift */ = {isa = PBXFileReference; lastKnownFileType = sourcecode.swift; path = Actor.swift; sourceTree = "<group>"; };
		30E67C78216B676400837EA1 /* EmptyStatusCell.swift */ = {isa = PBXFileReference; lastKnownFileType = sourcecode.swift; path = EmptyStatusCell.swift; sourceTree = "<group>"; };
		30E67C79216B676400837EA1 /* EmptyStatusCell.xib */ = {isa = PBXFileReference; lastKnownFileType = file.xib; path = EmptyStatusCell.xib; sourceTree = "<group>"; };
		9981E6EDDD213FFB1D7C5CCE /* Pods_Series.framework */ = {isa = PBXFileReference; explicitFileType = wrapper.framework; includeInIndex = 0; path = Pods_Series.framework; sourceTree = BUILT_PRODUCTS_DIR; };
		BD1BA85D2162087C00A10698 /* Series.app */ = {isa = PBXFileReference; explicitFileType = wrapper.application; includeInIndex = 0; path = Series.app; sourceTree = BUILT_PRODUCTS_DIR; };
		BD1BA8602162087C00A10698 /* AppDelegate.swift */ = {isa = PBXFileReference; lastKnownFileType = sourcecode.swift; path = AppDelegate.swift; sourceTree = "<group>"; };
		BD1BA8672162087D00A10698 /* Assets.xcassets */ = {isa = PBXFileReference; lastKnownFileType = folder.assetcatalog; path = Assets.xcassets; sourceTree = "<group>"; };
		BD1BA86A2162087D00A10698 /* Base */ = {isa = PBXFileReference; lastKnownFileType = file.storyboard; name = Base; path = Base.lproj/LaunchScreen.storyboard; sourceTree = "<group>"; };
		BD1BA86C2162087D00A10698 /* Info.plist */ = {isa = PBXFileReference; lastKnownFileType = text.plist.xml; path = Info.plist; sourceTree = "<group>"; };
		BD1BA87521620A6700A10698 /* LoginViewController.swift */ = {isa = PBXFileReference; lastKnownFileType = sourcecode.swift; path = LoginViewController.swift; sourceTree = "<group>"; };
		BD1BA87621620A6700A10698 /* LoginViewController.xib */ = {isa = PBXFileReference; lastKnownFileType = file.xib; path = LoginViewController.xib; sourceTree = "<group>"; };
		BD1BA87A21621C2800A10698 /* SeriesViewController.swift */ = {isa = PBXFileReference; lastKnownFileType = sourcecode.swift; path = SeriesViewController.swift; sourceTree = "<group>"; };
		BD1BA87B21621C2800A10698 /* SeriesViewController.xib */ = {isa = PBXFileReference; lastKnownFileType = file.xib; path = SeriesViewController.xib; sourceTree = "<group>"; };
		BD1BA87F216225BF00A10698 /* Serie.swift */ = {isa = PBXFileReference; lastKnownFileType = sourcecode.swift; path = Serie.swift; sourceTree = "<group>"; };
		F73C5A5A38AB9DA78D9EC1D5 /* Pods-Series.debug.xcconfig */ = {isa = PBXFileReference; includeInIndex = 1; lastKnownFileType = text.xcconfig; name = "Pods-Series.debug.xcconfig"; path = "Pods/Target Support Files/Pods-Series/Pods-Series.debug.xcconfig"; sourceTree = "<group>"; };
/* End PBXFileReference section */

/* Begin PBXFrameworksBuildPhase section */
		BD1BA85A2162087C00A10698 /* Frameworks */ = {
			isa = PBXFrameworksBuildPhase;
			buildActionMask = 2147483647;
			files = (
				91F13BE2B4BEABB658F035F5 /* Pods_Series.framework in Frameworks */,
			);
			runOnlyForDeploymentPostprocessing = 0;
		};
/* End PBXFrameworksBuildPhase section */

/* Begin PBXGroup section */
		300A95E52187171C00D509AB /* ChatsViewController */ = {
			isa = PBXGroup;
			children = (
				300A95E62187174E00D509AB /* ChatsViewController.swift */,
				300A95E72187174E00D509AB /* ChatsViewController.xib */,
			);
			path = ChatsViewController;
			sourceTree = "<group>";
		};
		300A95EA2187175400D509AB /* ContactsViewController */ = {
			isa = PBXGroup;
			children = (
				300A95EB2187176D00D509AB /* ContactsViewController.swift */,
				300A95EC2187176D00D509AB /* ContactsViewController.xib */,
			);
			path = ContactsViewController;
			sourceTree = "<group>";
		};
		300A95EF2187177100D509AB /* SettingsViewController */ = {
			isa = PBXGroup;
			children = (
				300A95F02187178E00D509AB /* SettingsViewController.swift */,
				300A95F12187178E00D509AB /* SettingsViewController.xib */,
			);
			path = SettingsViewController;
			sourceTree = "<group>";
		};
		300A95F42187179300D509AB /* FavoritesViewController */ = {
			isa = PBXGroup;
			children = (
				300A95F5218717A800D509AB /* FavoritesViewController.swift */,
				300A95F6218717A800D509AB /* FavoritesViewController.xib */,
			);
			path = FavoritesViewController;
			sourceTree = "<group>";
		};
		300A95F92187239800D509AB /* Fonts */ = {
			isa = PBXGroup;
			children = (
				300A95FA218723B500D509AB /* SpicyRice-Regular.ttf */,
			);
			name = Fonts;
			sourceTree = "<group>";
		};
		30E67C68216B4CE000837EA1 /* Cells */ = {
			isa = PBXGroup;
			children = (
				30E67C77216B674000837EA1 /* EmptyStatusCell */,
				30E67C69216B4CEF00837EA1 /* ActorCell */,
			);
			path = Cells;
			sourceTree = "<group>";
		};
		30E67C69216B4CEF00837EA1 /* ActorCell */ = {
			isa = PBXGroup;
			children = (
				30E67C6F216B4D8100837EA1 /* ActorCell.swift */,
				30E67C70216B4D8100837EA1 /* ActorCell.xib */,
			);
			path = ActorCell;
			sourceTree = "<group>";
		};
		30E67C6A216B4D0100837EA1 /* ActorsViewController */ = {
			isa = PBXGroup;
			children = (
				30E67C6B216B4D6600837EA1 /* ActorsViewController.swift */,
				30E67C6C216B4D6600837EA1 /* ActorsViewController.xib */,
			);
			path = ActorsViewController;
			sourceTree = "<group>";
		};
		30E67C77216B674000837EA1 /* EmptyStatusCell */ = {
			isa = PBXGroup;
			children = (
				30E67C78216B676400837EA1 /* EmptyStatusCell.swift */,
				30E67C79216B676400837EA1 /* EmptyStatusCell.xib */,
			);
			path = EmptyStatusCell;
			sourceTree = "<group>";
		};
		5B20B27F708527B8188CD92D /* Pods */ = {
			isa = PBXGroup;
			children = (
				F73C5A5A38AB9DA78D9EC1D5 /* Pods-Series.debug.xcconfig */,
				16A97E7F83707A92BDBB33BE /* Pods-Series.release.xcconfig */,
			);
			name = Pods;
			sourceTree = "<group>";
		};
		6726E6A7F3D4DF0EB0C2123B /* Frameworks */ = {
			isa = PBXGroup;
			children = (
				9981E6EDDD213FFB1D7C5CCE /* Pods_Series.framework */,
			);
			name = Frameworks;
			sourceTree = "<group>";
		};
		BD1BA8542162087C00A10698 = {
			isa = PBXGroup;
			children = (
				BD1BA85F2162087C00A10698 /* Series */,
				BD1BA85E2162087C00A10698 /* Products */,
				5B20B27F708527B8188CD92D /* Pods */,
				6726E6A7F3D4DF0EB0C2123B /* Frameworks */,
			);
			sourceTree = "<group>";
		};
		BD1BA85E2162087C00A10698 /* Products */ = {
			isa = PBXGroup;
			children = (
				BD1BA85D2162087C00A10698 /* Series.app */,
			);
			name = Products;
			sourceTree = "<group>";
		};
		BD1BA85F2162087C00A10698 /* Series */ = {
			isa = PBXGroup;
			children = (
				300A95F92187239800D509AB /* Fonts */,
				30E67C68216B4CE000837EA1 /* Cells */,
				BD1BA87E2162256F00A10698 /* Models */,
				BD1BA8722162099D00A10698 /* ViewControllers */,
				BD1BA8602162087C00A10698 /* AppDelegate.swift */,
				BD1BA8672162087D00A10698 /* Assets.xcassets */,
				BD1BA8692162087D00A10698 /* LaunchScreen.storyboard */,
				BD1BA86C2162087D00A10698 /* Info.plist */,
				300A95E32187091500D509AB /* Localizable.strings */,
			);
			path = Series;
			sourceTree = "<group>";
		};
		BD1BA8722162099D00A10698 /* ViewControllers */ = {
			isa = PBXGroup;
			children = (
				300A95F42187179300D509AB /* FavoritesViewController */,
				300A95EF2187177100D509AB /* SettingsViewController */,
				300A95EA2187175400D509AB /* ContactsViewController */,
				300A95E52187171C00D509AB /* ChatsViewController */,
				30E67C6A216B4D0100837EA1 /* ActorsViewController */,
				BD1BA87921621BEF00A10698 /* SeriesViewController */,
				BD1BA87421620A1900A10698 /* LoginViewController */,
			);
			path = ViewControllers;
			sourceTree = "<group>";
		};
		BD1BA87421620A1900A10698 /* LoginViewController */ = {
			isa = PBXGroup;
			children = (
				BD1BA87521620A6700A10698 /* LoginViewController.swift */,
				BD1BA87621620A6700A10698 /* LoginViewController.xib */,
			);
			path = LoginViewController;
			sourceTree = "<group>";
		};
		BD1BA87921621BEF00A10698 /* SeriesViewController */ = {
			isa = PBXGroup;
			children = (
				BD1BA87A21621C2800A10698 /* SeriesViewController.swift */,
				BD1BA87B21621C2800A10698 /* SeriesViewController.xib */,
			);
			path = SeriesViewController;
			sourceTree = "<group>";
		};
		BD1BA87E2162256F00A10698 /* Models */ = {
			isa = PBXGroup;
			children = (
				BD1BA87F216225BF00A10698 /* Serie.swift */,
				30E67C75216B5AF900837EA1 /* Actor.swift */,
			);
			path = Models;
			sourceTree = "<group>";
		};
/* End PBXGroup section */

/* Begin PBXNativeTarget section */
		BD1BA85C2162087C00A10698 /* Series */ = {
			isa = PBXNativeTarget;
			buildConfigurationList = BD1BA86F2162087D00A10698 /* Build configuration list for PBXNativeTarget "Series" */;
			buildPhases = (
				F9498EC62DA3E3351C3C7C01 /* [CP] Check Pods Manifest.lock */,
				BD1BA8592162087C00A10698 /* Sources */,
				BD1BA85A2162087C00A10698 /* Frameworks */,
				BD1BA85B2162087C00A10698 /* Resources */,
				BBA4420F66E942A684F1FE44 /* [CP] Embed Pods Frameworks */,
			);
			buildRules = (
			);
			dependencies = (
			);
			name = Series;
			productName = Series;
			productReference = BD1BA85D2162087C00A10698 /* Series.app */;
			productType = "com.apple.product-type.application";
		};
/* End PBXNativeTarget section */

/* Begin PBXProject section */
		BD1BA8552162087C00A10698 /* Project object */ = {
			isa = PBXProject;
			attributes = {
				LastSwiftUpdateCheck = 0930;
				LastUpgradeCheck = 0930;
				ORGANIZATIONNAME = "ÁLVARO BARRADO FERNÁNDEZ";
				TargetAttributes = {
					BD1BA85C2162087C00A10698 = {
						CreatedOnToolsVersion = 9.3;
					};
				};
			};
			buildConfigurationList = BD1BA8582162087C00A10698 /* Build configuration list for PBXProject "Series" */;
			compatibilityVersion = "Xcode 9.3";
			developmentRegion = en;
			hasScannedForEncodings = 0;
			knownRegions = (
				en,
				Base,
				es,
			);
			mainGroup = BD1BA8542162087C00A10698;
			productRefGroup = BD1BA85E2162087C00A10698 /* Products */;
			projectDirPath = "";
			projectRoot = "";
			targets = (
				BD1BA85C2162087C00A10698 /* Series */,
			);
		};
/* End PBXProject section */

/* Begin PBXResourcesBuildPhase section */
		BD1BA85B2162087C00A10698 /* Resources */ = {
			isa = PBXResourcesBuildPhase;
			buildActionMask = 2147483647;
			files = (
				300A95E92187174E00D509AB /* ChatsViewController.xib in Resources */,
				BD1BA86B2162087D00A10698 /* LaunchScreen.storyboard in Resources */,
				300A95F32187178E00D509AB /* SettingsViewController.xib in Resources */,
				30E67C7B216B676400837EA1 /* EmptyStatusCell.xib in Resources */,
				30E67C72216B4D8100837EA1 /* ActorCell.xib in Resources */,
				300A95E12187091500D509AB /* Localizable.strings in Resources */,
				BD1BA8682162087D00A10698 /* Assets.xcassets in Resources */,
				30E67C6E216B4D6600837EA1 /* ActorsViewController.xib in Resources */,
				BD1BA87821620A6700A10698 /* LoginViewController.xib in Resources */,
				300A95FB218723B500D509AB /* SpicyRice-Regular.ttf in Resources */,
				BD1BA87D21621C2800A10698 /* SeriesViewController.xib in Resources */,
				300A95F8218717A800D509AB /* FavoritesViewController.xib in Resources */,
				300A95EE2187176D00D509AB /* ContactsViewController.xib in Resources */,
			);
			runOnlyForDeploymentPostprocessing = 0;
		};
/* End PBXResourcesBuildPhase section */

/* Begin PBXShellScriptBuildPhase section */
		BBA4420F66E942A684F1FE44 /* [CP] Embed Pods Frameworks */ = {
			isa = PBXShellScriptBuildPhase;
			buildActionMask = 2147483647;
			files = (
			);
			inputPaths = (
				"${SRCROOT}/Pods/Target Support Files/Pods-Series/Pods-Series-frameworks.sh",
				"${BUILT_PRODUCTS_DIR}/SDWebImage/SDWebImage.framework",
			);
			name = "[CP] Embed Pods Frameworks";
			outputPaths = (
				"${TARGET_BUILD_DIR}/${FRAMEWORKS_FOLDER_PATH}/SDWebImage.framework",
			);
			runOnlyForDeploymentPostprocessing = 0;
			shellPath = /bin/sh;
			shellScript = "\"${SRCROOT}/Pods/Target Support Files/Pods-Series/Pods-Series-frameworks.sh\"\n";
			showEnvVarsInLog = 0;
		};
		F9498EC62DA3E3351C3C7C01 /* [CP] Check Pods Manifest.lock */ = {
			isa = PBXShellScriptBuildPhase;
			buildActionMask = 2147483647;
			files = (
			);
			inputPaths = (
				"${PODS_PODFILE_DIR_PATH}/Podfile.lock",
				"${PODS_ROOT}/Manifest.lock",
			);
			name = "[CP] Check Pods Manifest.lock";
			outputPaths = (
				"$(DERIVED_FILE_DIR)/Pods-Series-checkManifestLockResult.txt",
			);
			runOnlyForDeploymentPostprocessing = 0;
			shellPath = /bin/sh;
			shellScript = "diff \"${PODS_PODFILE_DIR_PATH}/Podfile.lock\" \"${PODS_ROOT}/Manifest.lock\" > /dev/null\nif [ $? != 0 ] ; then\n    # print error to STDERR\n    echo \"error: The sandbox is not in sync with the Podfile.lock. Run 'pod install' or update your CocoaPods installation.\" >&2\n    exit 1\nfi\n# This output is used by Xcode 'outputs' to avoid re-running this script phase.\necho \"SUCCESS\" > \"${SCRIPT_OUTPUT_FILE_0}\"\n";
			showEnvVarsInLog = 0;
		};
/* End PBXShellScriptBuildPhase section */

/* Begin PBXSourcesBuildPhase section */
		BD1BA8592162087C00A10698 /* Sources */ = {
			isa = PBXSourcesBuildPhase;
			buildActionMask = 2147483647;
			files = (
				30E67C6D216B4D6600837EA1 /* ActorsViewController.swift in Sources */,
				BD1BA87C21621C2800A10698 /* SeriesViewController.swift in Sources */,
				300A95F22187178E00D509AB /* SettingsViewController.swift in Sources */,
				BD1BA87721620A6700A10698 /* LoginViewController.swift in Sources */,
				30E67C7A216B676400837EA1 /* EmptyStatusCell.swift in Sources */,
				30E67C76216B5AF900837EA1 /* Actor.swift in Sources */,
				BD1BA880216225BF00A10698 /* Serie.swift in Sources */,
				BD1BA8612162087C00A10698 /* AppDelegate.swift in Sources */,
				300A95E82187174E00D509AB /* ChatsViewController.swift in Sources */,
				30E67C71216B4D8100837EA1 /* ActorCell.swift in Sources */,
				300A95F7218717A800D509AB /* FavoritesViewController.swift in Sources */,
				300A95ED2187176D00D509AB /* ContactsViewController.swift in Sources */,
			);
			runOnlyForDeploymentPostprocessing = 0;
		};
/* End PBXSourcesBuildPhase section */

/* Begin PBXVariantGroup section */
		300A95E32187091500D509AB /* Localizable.strings */ = {
			isa = PBXVariantGroup;
			children = (
				300A95E22187091500D509AB /* en */,
				300A95E42187093200D509AB /* es */,
			);
			name = Localizable.strings;
			sourceTree = "<group>";
		};
		BD1BA8692162087D00A10698 /* LaunchScreen.storyboard */ = {
			isa = PBXVariantGroup;
			children = (
				BD1BA86A2162087D00A10698 /* Base */,
			);
			name = LaunchScreen.storyboard;
			sourceTree = "<group>";
		};
/* End PBXVariantGroup section */

/* Begin XCBuildConfiguration section */
		BD1BA86D2162087D00A10698 /* Debug */ = {
			isa = XCBuildConfiguration;
			buildSettings = {
				ALWAYS_SEARCH_USER_PATHS = NO;
				CLANG_ANALYZER_LOCALIZABILITY_NONLOCALIZED = YES;
				CLANG_ANALYZER_NONNULL = YES;
				CLANG_ANALYZER_NUMBER_OBJECT_CONVERSION = YES_AGGRESSIVE;
				CLANG_CXX_LANGUAGE_STANDARD = "gnu++14";
				CLANG_CXX_LIBRARY = "libc++";
				CLANG_ENABLE_MODULES = YES;
				CLANG_ENABLE_OBJC_ARC = YES;
				CLANG_ENABLE_OBJC_WEAK = YES;
				CLANG_WARN_BLOCK_CAPTURE_AUTORELEASING = YES;
				CLANG_WARN_BOOL_CONVERSION = YES;
				CLANG_WARN_COMMA = YES;
				CLANG_WARN_CONSTANT_CONVERSION = YES;
				CLANG_WARN_DEPRECATED_OBJC_IMPLEMENTATIONS = YES;
				CLANG_WARN_DIRECT_OBJC_ISA_USAGE = YES_ERROR;
				CLANG_WARN_DOCUMENTATION_COMMENTS = YES;
				CLANG_WARN_EMPTY_BODY = YES;
				CLANG_WARN_ENUM_CONVERSION = YES;
				CLANG_WARN_INFINITE_RECURSION = YES;
				CLANG_WARN_INT_CONVERSION = YES;
				CLANG_WARN_NON_LITERAL_NULL_CONVERSION = YES;
				CLANG_WARN_OBJC_IMPLICIT_RETAIN_SELF = YES;
				CLANG_WARN_OBJC_LITERAL_CONVERSION = YES;
				CLANG_WARN_OBJC_ROOT_CLASS = YES_ERROR;
				CLANG_WARN_RANGE_LOOP_ANALYSIS = YES;
				CLANG_WARN_STRICT_PROTOTYPES = YES;
				CLANG_WARN_SUSPICIOUS_MOVE = YES;
				CLANG_WARN_UNGUARDED_AVAILABILITY = YES_AGGRESSIVE;
				CLANG_WARN_UNREACHABLE_CODE = YES;
				CLANG_WARN__DUPLICATE_METHOD_MATCH = YES;
				CODE_SIGN_IDENTITY = "iPhone Developer";
				COPY_PHASE_STRIP = NO;
				DEBUG_INFORMATION_FORMAT = dwarf;
				ENABLE_STRICT_OBJC_MSGSEND = YES;
				ENABLE_TESTABILITY = YES;
				GCC_C_LANGUAGE_STANDARD = gnu11;
				GCC_DYNAMIC_NO_PIC = NO;
				GCC_NO_COMMON_BLOCKS = YES;
				GCC_OPTIMIZATION_LEVEL = 0;
				GCC_PREPROCESSOR_DEFINITIONS = (
					"DEBUG=1",
					"$(inherited)",
				);
				GCC_WARN_64_TO_32_BIT_CONVERSION = YES;
				GCC_WARN_ABOUT_RETURN_TYPE = YES_ERROR;
				GCC_WARN_UNDECLARED_SELECTOR = YES;
				GCC_WARN_UNINITIALIZED_AUTOS = YES_AGGRESSIVE;
				GCC_WARN_UNUSED_FUNCTION = YES;
				GCC_WARN_UNUSED_VARIABLE = YES;
				IPHONEOS_DEPLOYMENT_TARGET = 11.3;
				MTL_ENABLE_DEBUG_INFO = YES;
				ONLY_ACTIVE_ARCH = YES;
				SDKROOT = iphoneos;
				SWIFT_ACTIVE_COMPILATION_CONDITIONS = DEBUG;
				SWIFT_OPTIMIZATION_LEVEL = "-Onone";
			};
			name = Debug;
		};
		BD1BA86E2162087D00A10698 /* Release */ = {
			isa = XCBuildConfiguration;
			buildSettings = {
				ALWAYS_SEARCH_USER_PATHS = NO;
				CLANG_ANALYZER_LOCALIZABILITY_NONLOCALIZED = YES;
				CLANG_ANALYZER_NONNULL = YES;
				CLANG_ANALYZER_NUMBER_OBJECT_CONVERSION = YES_AGGRESSIVE;
				CLANG_CXX_LANGUAGE_STANDARD = "gnu++14";
				CLANG_CXX_LIBRARY = "libc++";
				CLANG_ENABLE_MODULES = YES;
				CLANG_ENABLE_OBJC_ARC = YES;
				CLANG_ENABLE_OBJC_WEAK = YES;
				CLANG_WARN_BLOCK_CAPTURE_AUTORELEASING = YES;
				CLANG_WARN_BOOL_CONVERSION = YES;
				CLANG_WARN_COMMA = YES;
				CLANG_WARN_CONSTANT_CONVERSION = YES;
				CLANG_WARN_DEPRECATED_OBJC_IMPLEMENTATIONS = YES;
				CLANG_WARN_DIRECT_OBJC_ISA_USAGE = YES_ERROR;
				CLANG_WARN_DOCUMENTATION_COMMENTS = YES;
				CLANG_WARN_EMPTY_BODY = YES;
				CLANG_WARN_ENUM_CONVERSION = YES;
				CLANG_WARN_INFINITE_RECURSION = YES;
				CLANG_WARN_INT_CONVERSION = YES;
				CLANG_WARN_NON_LITERAL_NULL_CONVERSION = YES;
				CLANG_WARN_OBJC_IMPLICIT_RETAIN_SELF = YES;
				CLANG_WARN_OBJC_LITERAL_CONVERSION = YES;
				CLANG_WARN_OBJC_ROOT_CLASS = YES_ERROR;
				CLANG_WARN_RANGE_LOOP_ANALYSIS = YES;
				CLANG_WARN_STRICT_PROTOTYPES = YES;
				CLANG_WARN_SUSPICIOUS_MOVE = YES;
				CLANG_WARN_UNGUARDED_AVAILABILITY = YES_AGGRESSIVE;
				CLANG_WARN_UNREACHABLE_CODE = YES;
				CLANG_WARN__DUPLICATE_METHOD_MATCH = YES;
				CODE_SIGN_IDENTITY = "iPhone Developer";
				COPY_PHASE_STRIP = NO;
				DEBUG_INFORMATION_FORMAT = "dwarf-with-dsym";
				ENABLE_NS_ASSERTIONS = NO;
				ENABLE_STRICT_OBJC_MSGSEND = YES;
				GCC_C_LANGUAGE_STANDARD = gnu11;
				GCC_NO_COMMON_BLOCKS = YES;
				GCC_WARN_64_TO_32_BIT_CONVERSION = YES;
				GCC_WARN_ABOUT_RETURN_TYPE = YES_ERROR;
				GCC_WARN_UNDECLARED_SELECTOR = YES;
				GCC_WARN_UNINITIALIZED_AUTOS = YES_AGGRESSIVE;
				GCC_WARN_UNUSED_FUNCTION = YES;
				GCC_WARN_UNUSED_VARIABLE = YES;
				IPHONEOS_DEPLOYMENT_TARGET = 11.3;
				MTL_ENABLE_DEBUG_INFO = NO;
				SDKROOT = iphoneos;
				SWIFT_COMPILATION_MODE = wholemodule;
				SWIFT_OPTIMIZATION_LEVEL = "-O";
				VALIDATE_PRODUCT = YES;
			};
			name = Release;
		};
		BD1BA8702162087D00A10698 /* Debug */ = {
			isa = XCBuildConfiguration;
			baseConfigurationReference = F73C5A5A38AB9DA78D9EC1D5 /* Pods-Series.debug.xcconfig */;
			buildSettings = {
				ASSETCATALOG_COMPILER_APPICON_NAME = AppIcon;
				CODE_SIGN_STYLE = Automatic;
				INFOPLIST_FILE = Series/Info.plist;
				LD_RUNPATH_SEARCH_PATHS = (
					"$(inherited)",
					"@executable_path/Frameworks",
				);
				PRODUCT_BUNDLE_IDENTIFIER = "com.u-tad.Series";
				PRODUCT_NAME = "$(TARGET_NAME)";
				SWIFT_VERSION = 4.0;
				TARGETED_DEVICE_FAMILY = 1;
			};
			name = Debug;
		};
		BD1BA8712162087D00A10698 /* Release */ = {
			isa = XCBuildConfiguration;
			baseConfigurationReference = 16A97E7F83707A92BDBB33BE /* Pods-Series.release.xcconfig */;
			buildSettings = {
				ASSETCATALOG_COMPILER_APPICON_NAME = AppIcon;
				CODE_SIGN_STYLE = Automatic;
				INFOPLIST_FILE = Series/Info.plist;
				LD_RUNPATH_SEARCH_PATHS = (
					"$(inherited)",
					"@executable_path/Frameworks",
				);
				PRODUCT_BUNDLE_IDENTIFIER = "com.u-tad.Series";
				PRODUCT_NAME = "$(TARGET_NAME)";
				SWIFT_VERSION = 4.0;
				TARGETED_DEVICE_FAMILY = 1;
			};
			name = Release;
		};
/* End XCBuildConfiguration section */

/* Begin XCConfigurationList section */
		BD1BA8582162087C00A10698 /* Build configuration list for PBXProject "Series" */ = {
			isa = XCConfigurationList;
			buildConfigurations = (
				BD1BA86D2162087D00A10698 /* Debug */,
				BD1BA86E2162087D00A10698 /* Release */,
			);
			defaultConfigurationIsVisible = 0;
			defaultConfigurationName = Release;
		};
		BD1BA86F2162087D00A10698 /* Build configuration list for PBXNativeTarget "Series" */ = {
			isa = XCConfigurationList;
			buildConfigurations = (
				BD1BA8702162087D00A10698 /* Debug */,
				BD1BA8712162087D00A10698 /* Release */,
			);
			defaultConfigurationIsVisible = 0;
			defaultConfigurationName = Release;
		};
/* End XCConfigurationList section */
	};
	rootObject = BD1BA8552162087C00A10698 /* Project object */;
}
